github.com/l00pss/helpme/result v1.0.1 h1:jqzYYMXpSw1SXhsjQps3aVnoVO/omxscwuQRRUa7Yvc=
github.com/l00pss/helpme/result v1.0.1/go.mod h1:nIM0dE6A3ydc0xsbSdk6/TvsjCgpuzErU0orPgYxjYU=
github.com/l00pss/littlecache v1.0.0 h1:qq+T1QR64JQqRALf3URJpytKVGggOJRr8pdxvbtl/MU=
github.com/l00pss/littlecache v1.0.0/go.mod h1:NHzLYgnS9BsYoNBx90u9X7MsrV5E/tfuXSUKWN/lhJk=
golang.org/x/sys v0.39.0 h1:CvCKL8MeisomCi6qNZ+wbb0DN9E5AATixKsvNtMoMFk=
golang.org/x/sys v0.39.0/go.mod h1:OgkHotnGiDImocRcuBABYBEXf8A9a87e/uXjp9XT3ks=
